// !$*UTF8*$!
{
	archiveVersion = 1;
	classes = {
	};
	objectVersion = 46;
	objects = {

/* Begin PBXBuildFile section */
		B20598701C3797AF00C3D6F2 /* StringExtension.swift in Sources */ = {isa = PBXBuildFile; fileRef = B2AD6E271C3572C600D9E52F /* StringExtension.swift */; };
		B20598711C3797B200C3D6F2 /* StringConversion.swift in Sources */ = {isa = PBXBuildFile; fileRef = B205986E1C37970200C3D6F2 /* StringConversion.swift */; };
		B20598731C3799BF00C3D6F2 /* NSDateExtension.swift in Sources */ = {isa = PBXBuildFile; fileRef = B20598721C3799BF00C3D6F2 /* NSDateExtension.swift */; };
		B20598741C379B4800C3D6F2 /* NSDateExtension.swift in Sources */ = {isa = PBXBuildFile; fileRef = B20598721C3799BF00C3D6F2 /* NSDateExtension.swift */; };
		B23547D51C37F471002C50EE /* StringConversion.swift in Sources */ = {isa = PBXBuildFile; fileRef = B205986E1C37970200C3D6F2 /* StringConversion.swift */; };
		B28799141C38976F006DACFA /* StringExtensionTests.swift in Sources */ = {isa = PBXBuildFile; fileRef = B28799131C38976F006DACFA /* StringExtensionTests.swift */; };
		B28799161C38A72C006DACFA /* NSDateExtensionTests.swift in Sources */ = {isa = PBXBuildFile; fileRef = B28799151C38A72C006DACFA /* NSDateExtensionTests.swift */; };
		B28799181C38D80A006DACFA /* DurationExtension.swift in Sources */ = {isa = PBXBuildFile; fileRef = B28799171C38D80A006DACFA /* DurationExtension.swift */; };
		B287991A1C38DF84006DACFA /* DurationExtensionTests.swift in Sources */ = {isa = PBXBuildFile; fileRef = B28799191C38DF84006DACFA /* DurationExtensionTests.swift */; };
		B287991B1C38E17D006DACFA /* DurationExtension.swift in Sources */ = {isa = PBXBuildFile; fileRef = B28799171C38D80A006DACFA /* DurationExtension.swift */; };
		B29738FF1C3A54D80066BCC6 /* ClientProxy.swift in Sources */ = {isa = PBXBuildFile; fileRef = B29738FE1C3A54D80066BCC6 /* ClientProxy.swift */; };
		B2AD6E111C35719600D9E52F /* Foundations.h in Headers */ = {isa = PBXBuildFile; fileRef = B2AD6E101C35719600D9E52F /* Foundations.h */; settings = {ATTRIBUTES = (Public, ); }; };
		B2AD6E181C35719600D9E52F /* Foundations.framework in Frameworks */ = {isa = PBXBuildFile; fileRef = B2AD6E0D1C35719600D9E52F /* Foundations.framework */; };
		B2AD6E1D1C35719600D9E52F /* StringToNSDateTests.swift in Sources */ = {isa = PBXBuildFile; fileRef = B2AD6E1C1C35719600D9E52F /* StringToNSDateTests.swift */; };
		B2AD6E281C3572C600D9E52F /* StringExtension.swift in Sources */ = {isa = PBXBuildFile; fileRef = B2AD6E271C3572C600D9E52F /* StringExtension.swift */; };
		B2CD1FC31C42E9820090C869 /* UIActivityView.swift in Sources */ = {isa = PBXBuildFile; fileRef = B2CD1FC21C42E9820090C869 /* UIActivityView.swift */; };
/* End PBXBuildFile section */

/* Begin PBXContainerItemProxy section */
		B2AD6E191C35719600D9E52F /* PBXContainerItemProxy */ = {
			isa = PBXContainerItemProxy;
			containerPortal = B2AD6E041C35719600D9E52F /* Project object */;
			proxyType = 1;
			remoteGlobalIDString = B2AD6E0C1C35719600D9E52F;
			remoteInfo = Foundations;
		};
/* End PBXContainerItemProxy section */

/* Begin PBXFileReference section */
		B205986E1C37970200C3D6F2 /* StringConversion.swift */ = {isa = PBXFileReference; fileEncoding = 4; lastKnownFileType = sourcecode.swift; path = StringConversion.swift; sourceTree = "<group>"; };
		B20598721C3799BF00C3D6F2 /* NSDateExtension.swift */ = {isa = PBXFileReference; fileEncoding = 4; lastKnownFileType = sourcecode.swift; path = NSDateExtension.swift; sourceTree = "<group>"; };
		B28799131C38976F006DACFA /* StringExtensionTests.swift */ = {isa = PBXFileReference; fileEncoding = 4; lastKnownFileType = sourcecode.swift; path = StringExtensionTests.swift; sourceTree = "<group>"; };
		B28799151C38A72C006DACFA /* NSDateExtensionTests.swift */ = {isa = PBXFileReference; fileEncoding = 4; lastKnownFileType = sourcecode.swift; path = NSDateExtensionTests.swift; sourceTree = "<group>"; };
		B28799171C38D80A006DACFA /* DurationExtension.swift */ = {isa = PBXFileReference; fileEncoding = 4; lastKnownFileType = sourcecode.swift; path = DurationExtension.swift; sourceTree = "<group>"; };
		B28799191C38DF84006DACFA /* DurationExtensionTests.swift */ = {isa = PBXFileReference; fileEncoding = 4; lastKnownFileType = sourcecode.swift; path = DurationExtensionTests.swift; sourceTree = "<group>"; };
		B29738FE1C3A54D80066BCC6 /* ClientProxy.swift */ = {isa = PBXFileReference; fileEncoding = 4; lastKnownFileType = sourcecode.swift; path = ClientProxy.swift; sourceTree = "<group>"; };
		B2AD6E0D1C35719600D9E52F /* Foundations.framework */ = {isa = PBXFileReference; explicitFileType = wrapper.framework; includeInIndex = 0; path = Foundations.framework; sourceTree = BUILT_PRODUCTS_DIR; };
		B2AD6E101C35719600D9E52F /* Foundations.h */ = {isa = PBXFileReference; lastKnownFileType = sourcecode.c.h; path = Foundations.h; sourceTree = "<group>"; };
		B2AD6E121C35719600D9E52F /* Info.plist */ = {isa = PBXFileReference; lastKnownFileType = text.plist.xml; path = Info.plist; sourceTree = "<group>"; };
		B2AD6E171C35719600D9E52F /* FoundationsTests.xctest */ = {isa = PBXFileReference; explicitFileType = wrapper.cfbundle; includeInIndex = 0; path = FoundationsTests.xctest; sourceTree = BUILT_PRODUCTS_DIR; };
		B2AD6E1C1C35719600D9E52F /* StringToNSDateTests.swift */ = {isa = PBXFileReference; lastKnownFileType = sourcecode.swift; path = StringToNSDateTests.swift; sourceTree = "<group>"; };
		B2AD6E1E1C35719600D9E52F /* Info.plist */ = {isa = PBXFileReference; lastKnownFileType = text.plist.xml; path = Info.plist; sourceTree = "<group>"; };
		B2AD6E271C3572C600D9E52F /* StringExtension.swift */ = {isa = PBXFileReference; fileEncoding = 4; lastKnownFileType = sourcecode.swift; path = StringExtension.swift; sourceTree = "<group>"; };
		B2CD1FC21C42E9820090C869 /* UIActivityView.swift */ = {isa = PBXFileReference; fileEncoding = 4; lastKnownFileType = sourcecode.swift; path = UIActivityView.swift; sourceTree = "<group>"; };
/* End PBXFileReference section */

/* Begin PBXFrameworksBuildPhase section */
		B2AD6E091C35719600D9E52F /* Frameworks */ = {
			isa = PBXFrameworksBuildPhase;
			buildActionMask = 2147483647;
			files = (
			);
			runOnlyForDeploymentPostprocessing = 0;
		};
		B2AD6E141C35719600D9E52F /* Frameworks */ = {
			isa = PBXFrameworksBuildPhase;
			buildActionMask = 2147483647;
			files = (
				B2AD6E181C35719600D9E52F /* Foundations.framework in Frameworks */,
			);
			runOnlyForDeploymentPostprocessing = 0;
		};
/* End PBXFrameworksBuildPhase section */

/* Begin PBXGroup section */
		B205986D1C378FD200C3D6F2 /* Common */ = {
			isa = PBXGroup;
			children = (
				B2AD6E271C3572C600D9E52F /* StringExtension.swift */,
				B205986E1C37970200C3D6F2 /* StringConversion.swift */,
				B20598721C3799BF00C3D6F2 /* NSDateExtension.swift */,
				B28799171C38D80A006DACFA /* DurationExtension.swift */,
			);
			name = Common;
			sourceTree = "<group>";
		};
		B29738FD1C3A54AC0066BCC6 /* Networking */ = {
			isa = PBXGroup;
			children = (
				B29738FE1C3A54D80066BCC6 /* ClientProxy.swift */,
			);
			name = Networking;
			sourceTree = "<group>";
		};
		B2AD6E031C35719600D9E52F = {
			isa = PBXGroup;
			children = (
				B2CD1FC11C42E9720090C869 /* Views */,
				B2AD6E0F1C35719600D9E52F /* Foundations */,
				B2AD6E1B1C35719600D9E52F /* FoundationsTests */,
				B2AD6E0E1C35719600D9E52F /* Products */,
			);
			sourceTree = "<group>";
		};
		B2AD6E0E1C35719600D9E52F /* Products */ = {
			isa = PBXGroup;
			children = (
				B2AD6E0D1C35719600D9E52F /* Foundations.framework */,
				B2AD6E171C35719600D9E52F /* FoundationsTests.xctest */,
			);
			name = Products;
			sourceTree = "<group>";
		};
		B2AD6E0F1C35719600D9E52F /* Foundations */ = {
			isa = PBXGroup;
			children = (
				B29738FD1C3A54AC0066BCC6 /* Networking */,
				B205986D1C378FD200C3D6F2 /* Common */,
				B2AD6E101C35719600D9E52F /* Foundations.h */,
				B2AD6E121C35719600D9E52F /* Info.plist */,
			);
			path = Foundations;
			sourceTree = "<group>";
		};
		B2AD6E1B1C35719600D9E52F /* FoundationsTests */ = {
			isa = PBXGroup;
			children = (
				B2AD6E1C1C35719600D9E52F /* StringToNSDateTests.swift */,
				B28799131C38976F006DACFA /* StringExtensionTests.swift */,
				B28799151C38A72C006DACFA /* NSDateExtensionTests.swift */,
				B28799191C38DF84006DACFA /* DurationExtensionTests.swift */,
				B2AD6E1E1C35719600D9E52F /* Info.plist */,
			);
			path = FoundationsTests;
			sourceTree = "<group>";
		};
		B2CD1FC11C42E9720090C869 /* Views */ = {
			isa = PBXGroup;
			children = (
				B2CD1FC21C42E9820090C869 /* UIActivityView.swift */,
			);
			name = Views;
			sourceTree = "<group>";
		};
/* End PBXGroup section */

/* Begin PBXHeadersBuildPhase section */
		B2AD6E0A1C35719600D9E52F /* Headers */ = {
			isa = PBXHeadersBuildPhase;
			buildActionMask = 2147483647;
			files = (
				B2AD6E111C35719600D9E52F /* Foundations.h in Headers */,
			);
			runOnlyForDeploymentPostprocessing = 0;
		};
/* End PBXHeadersBuildPhase section */

/* Begin PBXNativeTarget section */
		B2AD6E0C1C35719600D9E52F /* Foundations */ = {
			isa = PBXNativeTarget;
			buildConfigurationList = B2AD6E211C35719600D9E52F /* Build configuration list for PBXNativeTarget "Foundations" */;
			buildPhases = (
				B2AD6E081C35719600D9E52F /* Sources */,
				B2AD6E091C35719600D9E52F /* Frameworks */,
				B2AD6E0A1C35719600D9E52F /* Headers */,
				B2AD6E0B1C35719600D9E52F /* Resources */,
			);
			buildRules = (
			);
			dependencies = (
			);
			name = Foundations;
			productName = Foundations;
			productReference = B2AD6E0D1C35719600D9E52F /* Foundations.framework */;
			productType = "com.apple.product-type.framework";
		};
		B2AD6E161C35719600D9E52F /* FoundationsTests */ = {
			isa = PBXNativeTarget;
			buildConfigurationList = B2AD6E241C35719600D9E52F /* Build configuration list for PBXNativeTarget "FoundationsTests" */;
			buildPhases = (
				B2AD6E131C35719600D9E52F /* Sources */,
				B2AD6E141C35719600D9E52F /* Frameworks */,
				B2AD6E151C35719600D9E52F /* Resources */,
			);
			buildRules = (
			);
			dependencies = (
				B2AD6E1A1C35719600D9E52F /* PBXTargetDependency */,
			);
			name = FoundationsTests;
			productName = FoundationsTests;
			productReference = B2AD6E171C35719600D9E52F /* FoundationsTests.xctest */;
			productType = "com.apple.product-type.bundle.unit-test";
		};
/* End PBXNativeTarget section */

/* Begin PBXProject section */
		B2AD6E041C35719600D9E52F /* Project object */ = {
			isa = PBXProject;
			attributes = {
				LastSwiftUpdateCheck = 0720;
				LastUpgradeCheck = 0720;
				ORGANIZATIONNAME = Foundations;
				TargetAttributes = {
					B2AD6E0C1C35719600D9E52F = {
						CreatedOnToolsVersion = 7.2;
					};
					B2AD6E161C35719600D9E52F = {
						CreatedOnToolsVersion = 7.2;
					};
				};
			};
			buildConfigurationList = B2AD6E071C35719600D9E52F /* Build configuration list for PBXProject "Foundations" */;
			compatibilityVersion = "Xcode 3.2";
			developmentRegion = English;
			hasScannedForEncodings = 0;
			knownRegions = (
				en,
			);
			mainGroup = B2AD6E031C35719600D9E52F;
			productRefGroup = B2AD6E0E1C35719600D9E52F /* Products */;
			projectDirPath = "";
			projectRoot = "";
			targets = (
				B2AD6E0C1C35719600D9E52F /* Foundations */,
				B2AD6E161C35719600D9E52F /* FoundationsTests */,
			);
		};
/* End PBXProject section */

/* Begin PBXResourcesBuildPhase section */
		B2AD6E0B1C35719600D9E52F /* Resources */ = {
			isa = PBXResourcesBuildPhase;
			buildActionMask = 2147483647;
			files = (
			);
			runOnlyForDeploymentPostprocessing = 0;
		};
		B2AD6E151C35719600D9E52F /* Resources */ = {
			isa = PBXResourcesBuildPhase;
			buildActionMask = 2147483647;
			files = (
			);
			runOnlyForDeploymentPostprocessing = 0;
		};
/* End PBXResourcesBuildPhase section */

/* Begin PBXSourcesBuildPhase section */
		B2AD6E081C35719600D9E52F /* Sources */ = {
			isa = PBXSourcesBuildPhase;
			buildActionMask = 2147483647;
			files = (
				B2AD6E281C3572C600D9E52F /* StringExtension.swift in Sources */,
				B28799181C38D80A006DACFA /* DurationExtension.swift in Sources */,
				B29738FF1C3A54D80066BCC6 /* ClientProxy.swift in Sources */,
				B2CD1FC31C42E9820090C869 /* UIActivityView.swift in Sources */,
				B23547D51C37F471002C50EE /* StringConversion.swift in Sources */,
				B20598731C3799BF00C3D6F2 /* NSDateExtension.swift in Sources */,
			);
			runOnlyForDeploymentPostprocessing = 0;
		};
		B2AD6E131C35719600D9E52F /* Sources */ = {
			isa = PBXSourcesBuildPhase;
			buildActionMask = 2147483647;
			files = (
				B28799161C38A72C006DACFA /* NSDateExtensionTests.swift in Sources */,
				B287991A1C38DF84006DACFA /* DurationExtensionTests.swift in Sources */,
				B20598701C3797AF00C3D6F2 /* StringExtension.swift in Sources */,
				B20598741C379B4800C3D6F2 /* NSDateExtension.swift in Sources */,
				B20598711C3797B200C3D6F2 /* StringConversion.swift in Sources */,
				B287991B1C38E17D006DACFA /* DurationExtension.swift in Sources */,
				B28799141C38976F006DACFA /* StringExtensionTests.swift in Sources */,
				B2AD6E1D1C35719600D9E52F /* StringToNSDateTests.swift in Sources */,
			);
			runOnlyForDeploymentPostprocessing = 0;
		};
/* End PBXSourcesBuildPhase section */

/* Begin PBXTargetDependency section */
		B2AD6E1A1C35719600D9E52F /* PBXTargetDependency */ = {
			isa = PBXTargetDependency;
			target = B2AD6E0C1C35719600D9E52F /* Foundations */;
			targetProxy = B2AD6E191C35719600D9E52F /* PBXContainerItemProxy */;
		};
/* End PBXTargetDependency section */

/* Begin XCBuildConfiguration section */
		B2AD6E1F1C35719600D9E52F /* Debug */ = {
			isa = XCBuildConfiguration;
			buildSettings = {
				ALWAYS_SEARCH_USER_PATHS = NO;
				CLANG_CXX_LANGUAGE_STANDARD = "gnu++0x";
				CLANG_CXX_LIBRARY = "libc++";
				CLANG_ENABLE_MODULES = YES;
				CLANG_ENABLE_OBJC_ARC = YES;
				CLANG_WARN_BOOL_CONVERSION = YES;
				CLANG_WARN_CONSTANT_CONVERSION = YES;
				CLANG_WARN_DIRECT_OBJC_ISA_USAGE = YES_ERROR;
				CLANG_WARN_EMPTY_BODY = YES;
				CLANG_WARN_ENUM_CONVERSION = YES;
				CLANG_WARN_INT_CONVERSION = YES;
				CLANG_WARN_OBJC_ROOT_CLASS = YES_ERROR;
				CLANG_WARN_UNREACHABLE_CODE = YES;
				CLANG_WARN__DUPLICATE_METHOD_MATCH = YES;
				"CODE_SIGN_IDENTITY[sdk=iphoneos*]" = "iPhone Developer";
				COPY_PHASE_STRIP = NO;
				CURRENT_PROJECT_VERSION = 1;
				DEBUG_INFORMATION_FORMAT = dwarf;
				ENABLE_STRICT_OBJC_MSGSEND = YES;
				ENABLE_TESTABILITY = YES;
				GCC_C_LANGUAGE_STANDARD = gnu99;
				GCC_DYNAMIC_NO_PIC = NO;
				GCC_NO_COMMON_BLOCKS = YES;
				GCC_OPTIMIZATION_LEVEL = 0;
				GCC_PREPROCESSOR_DEFINITIONS = (
					"DEBUG=1",
					"$(inherited)",
				);
				GCC_WARN_64_TO_32_BIT_CONVERSION = YES;
				GCC_WARN_ABOUT_RETURN_TYPE = YES_ERROR;
				GCC_WARN_UNDECLARED_SELECTOR = YES;
				GCC_WARN_UNINITIALIZED_AUTOS = YES_AGGRESSIVE;
				GCC_WARN_UNUSED_FUNCTION = YES;
				GCC_WARN_UNUSED_VARIABLE = YES;
				IPHONEOS_DEPLOYMENT_TARGET = 9.2;
				MTL_ENABLE_DEBUG_INFO = YES;
				ONLY_ACTIVE_ARCH = YES;
				SDKROOT = iphoneos;
				SWIFT_OPTIMIZATION_LEVEL = "-Onone";
				TARGETED_DEVICE_FAMILY = "1,2";
				VERSIONING_SYSTEM = "apple-generic";
				VERSION_INFO_PREFIX = "";
			};
			name = Debug;
		};
		B2AD6E201C35719600D9E52F /* Release */ = {
			isa = XCBuildConfiguration;
			buildSettings = {
				ALWAYS_SEARCH_USER_PATHS = NO;
				CLANG_CXX_LANGUAGE_STANDARD = "gnu++0x";
				CLANG_CXX_LIBRARY = "libc++";
				CLANG_ENABLE_MODULES = YES;
				CLANG_ENABLE_OBJC_ARC = YES;
				CLANG_WARN_BOOL_CONVERSION = YES;
				CLANG_WARN_CONSTANT_CONVERSION = YES;
				CLANG_WARN_DIRECT_OBJC_ISA_USAGE = YES_ERROR;
				CLANG_WARN_EMPTY_BODY = YES;
				CLANG_WARN_ENUM_CONVERSION = YES;
				CLANG_WARN_INT_CONVERSION = YES;
				CLANG_WARN_OBJC_ROOT_CLASS = YES_ERROR;
				CLANG_WARN_UNREACHABLE_CODE = YES;
				CLANG_WARN__DUPLICATE_METHOD_MATCH = YES;
				"CODE_SIGN_IDENTITY[sdk=iphoneos*]" = "iPhone Developer";
				COPY_PHASE_STRIP = NO;
				CURRENT_PROJECT_VERSION = 1;
				DEBUG_INFORMATION_FORMAT = "dwarf-with-dsym";
				ENABLE_NS_ASSERTIONS = NO;
				ENABLE_STRICT_OBJC_MSGSEND = YES;
				GCC_C_LANGUAGE_STANDARD = gnu99;
				GCC_NO_COMMON_BLOCKS = YES;
				GCC_WARN_64_TO_32_BIT_CONVERSION = YES;
				GCC_WARN_ABOUT_RETURN_TYPE = YES_ERROR;
				GCC_WARN_UNDECLARED_SELECTOR = YES;
				GCC_WARN_UNINITIALIZED_AUTOS = YES_AGGRESSIVE;
				GCC_WARN_UNUSED_FUNCTION = YES;
				GCC_WARN_UNUSED_VARIABLE = YES;
				IPHONEOS_DEPLOYMENT_TARGET = 9.2;
				MTL_ENABLE_DEBUG_INFO = NO;
				SDKROOT = iphoneos;
				TARGETED_DEVICE_FAMILY = "1,2";
				VALIDATE_PRODUCT = YES;
				VERSIONING_SYSTEM = "apple-generic";
				VERSION_INFO_PREFIX = "";
			};
			name = Release;
		};
		B2AD6E221C35719600D9E52F /* Debug */ = {
			isa = XCBuildConfiguration;
			buildSettings = {
				CLANG_ENABLE_MODULES = YES;
				DEFINES_MODULE = YES;
				DYLIB_COMPATIBILITY_VERSION = 1;
				DYLIB_CURRENT_VERSION = 1;
				DYLIB_INSTALL_NAME_BASE = "@rpath";
				INFOPLIST_FILE = Foundations/Info.plist;
				INSTALL_PATH = "$(LOCAL_LIBRARY_DIR)/Frameworks";
				LD_RUNPATH_SEARCH_PATHS = "$(inherited) @executable_path/Frameworks @loader_path/Frameworks";
				PRODUCT_BUNDLE_IDENTIFIER = SwiftToolkit.Foundations;
				PRODUCT_NAME = "$(TARGET_NAME)";
				SKIP_INSTALL = YES;
				SWIFT_OPTIMIZATION_LEVEL = "-Onone";
			};
			name = Debug;
		};
		B2AD6E231C35719600D9E52F /* Release */ = {
			isa = XCBuildConfiguration;
			buildSettings = {
				CLANG_ENABLE_MODULES = YES;
				DEFINES_MODULE = YES;
				DYLIB_COMPATIBILITY_VERSION = 1;
				DYLIB_CURRENT_VERSION = 1;
				DYLIB_INSTALL_NAME_BASE = "@rpath";
				INFOPLIST_FILE = Foundations/Info.plist;
				INSTALL_PATH = "$(LOCAL_LIBRARY_DIR)/Frameworks";
				LD_RUNPATH_SEARCH_PATHS = "$(inherited) @executable_path/Frameworks @loader_path/Frameworks";
				PRODUCT_BUNDLE_IDENTIFIER = SwiftToolkit.Foundations;
				PRODUCT_NAME = "$(TARGET_NAME)";
				SKIP_INSTALL = YES;
			};
			name = Release;
		};
		B2AD6E251C35719600D9E52F /* Debug */ = {
			isa = XCBuildConfiguration;
			buildSettings = {
				INFOPLIST_FILE = FoundationsTests/Info.plist;
				LD_RUNPATH_SEARCH_PATHS = "$(inherited) @executable_path/Frameworks @loader_path/Frameworks";
				PRODUCT_BUNDLE_IDENTIFIER = SwiftToolkit.FoundationsTests;
				PRODUCT_NAME = "$(TARGET_NAME)";
			};
			name = Debug;
		};
		B2AD6E261C35719600D9E52F /* Release */ = {
			isa = XCBuildConfiguration;
			buildSettings = {
				INFOPLIST_FILE = FoundationsTests/Info.plist;
				LD_RUNPATH_SEARCH_PATHS = "$(inherited) @executable_path/Frameworks @loader_path/Frameworks";
				PRODUCT_BUNDLE_IDENTIFIER = SwiftToolkit.FoundationsTests;
				PRODUCT_NAME = "$(TARGET_NAME)";
			};
			name = Release;
		};
/* End XCBuildConfiguration section */

/* Begin XCConfigurationList section */
		B2AD6E071C35719600D9E52F /* Build configuration list for PBXProject "Foundations" */ = {
			isa = XCConfigurationList;
			buildConfigurations = (
				B2AD6E1F1C35719600D9E52F /* Debug */,
				B2AD6E201C35719600D9E52F /* Release */,
			);
			defaultConfigurationIsVisible = 0;
			defaultConfigurationName = Release;
		};
		B2AD6E211C35719600D9E52F /* Build configuration list for PBXNativeTarget "Foundations" */ = {
			isa = XCConfigurationList;
			buildConfigurations = (
				B2AD6E221C35719600D9E52F /* Debug */,
				B2AD6E231C35719600D9E52F /* Release */,
			);
			defaultConfigurationIsVisible = 0;
			defaultConfigurationName = Release;
		};
		B2AD6E241C35719600D9E52F /* Build configuration list for PBXNativeTarget "FoundationsTests" */ = {
			isa = XCConfigurationList;
			buildConfigurations = (
				B2AD6E251C35719600D9E52F /* Debug */,
				B2AD6E261C35719600D9E52F /* Release */,
			);
			defaultConfigurationIsVisible = 0;
			defaultConfigurationName = Release;
		};
/* End XCConfigurationList section */
	};
	rootObject = B2AD6E041C35719600D9E52F /* Project object */;
}
